version = 1
revision = 3
requires-python = ">=3.14"

[[package]]
name = "agency"
version = "0.1.0"
source = { editable = "." }
dependencies = [
    { name = "pyyaml" },
]

[package.dev-dependencies]
dev = [
    { name = "import-linter" },
    { name = "inline-snapshot", extra = ["dirty-equals"] },
    { name = "prek" },
    { name = "pytest" },
    { name = "ruff" },
    { name = "ty" },
]

[package.metadata]
requires-dist = [{ name = "pyyaml" }]

[package.metadata.requires-dev]
dev = [
    { name = "import-linter", specifier = ">=2.11" },
    { name = "inline-snapshot", extras = ["dirty-equals"], specifier = ">=0.32.5" },
    { name = "prek", specifier = ">=0.3.8" },
    { name = "pytest", specifier = ">=9.0.2" },
    { name = "ruff", specifier = ">=0.15.7" },
    { name = "ty", specifier = ">=0.0.25" },
]

[[package]]
name = "asttokens"
version = "3.0.1"
source = { registry = "https://us-central1-python.pkg.dev/eng-ops-b1bb36c9/python-all/simple" }
sdist = { url = "https://us-central1-python.pkg.dev/eng-ops-b1bb36c9/python-all/asttokens/asttokens-3.0.1.tar.gz", hash = "sha256:71a4ee5de0bde6a31d64f6b13f2293ac190344478f081c3d1bccfcf5eacb0cb7" }
wheels = [
    { url = "https://us-central1-python.pkg.dev/eng-ops-b1bb36c9/python-all/asttokens/asttokens-3.0.1-py3-none-any.whl", hash = "sha256:15a3ebc0f43c2d0a50eeafea25e19046c68398e487b9f1f5b517f7c0f40f976a" },
]

[[package]]
name = "click"
version = "8.3.1"
source = { registry = "https://us-central1-python.pkg.dev/eng-ops-b1bb36c9/python-all/simple" }
dependencies = [
    { name = "colorama", marker = "sys_platform == 'win32'" },
]
sdist = { url = "https://us-central1-python.pkg.dev/eng-ops-b1bb36c9/python-all/click/click-8.3.1.tar.gz", hash = "sha256:12ff4785d337a1bb490bb7e9c2b1ee5da3112e94a8622f26a6c77f5d2fc6842a" }
wheels = [
    { url = "https://us-central1-python.pkg.dev/eng-ops-b1bb36c9/python-all/click/click-8.3.1-py3-none-any.whl", hash = "sha256:981153a64e25f12d547d3426c367a4857371575ee7ad18df2a6183ab0545b2a6" },
]

[[package]]
name = "colorama"
version = "0.4.6"
source = { registry = "https://us-central1-python.pkg.dev/eng-ops-b1bb36c9/python-all/simple" }
sdist = { url = "https://us-central1-python.pkg.dev/eng-ops-b1bb36c9/python-all/colorama/colorama-0.4.6.tar.gz", hash = "sha256:08695f5cb7ed6e0531a20572697297273c47b8cae5a63ffc6d6ed5c201be6e44" }
wheels = [
    { url = "https://us-central1-python.pkg.dev/eng-ops-b1bb36c9/python-all/colorama/colorama-0.4.6-py2.py3-none-any.whl", hash = "sha256:4f1d9991f5acc0ca119f9d443620b77f9d6b33703e51011c16baf57afb285fc6" },
]

[[package]]
name = "dirty-equals"
version = "0.11"
source = { registry = "https://us-central1-python.pkg.dev/eng-ops-b1bb36c9/python-all/simple" }
sdist = { url = "https://us-central1-python.pkg.dev/eng-ops-b1bb36c9/python-all/dirty-equals/dirty_equals-0.11.tar.gz", hash = "sha256:f4ac74ee88f2d11e2fa0f65eb30ee4f07105c5f86f4dc92b09eb1138775027c3" }
wheels = [
    { url = "https://us-central1-python.pkg.dev/eng-ops-b1bb36c9/python-all/dirty-equals/dirty_equals-0.11-py3-none-any.whl", hash = "sha256:b1d7093273fc2f9be12f443a8ead954ef6daaf6746fd42ef3a5616433ee85286" },
]

[[package]]
name = "executing"
version = "2.2.1"
source = { registry = "https://us-central1-python.pkg.dev/eng-ops-b1bb36c9/python-all/simple" }
sdist = { url = "https://us-central1-python.pkg.dev/eng-ops-b1bb36c9/python-all/executing/executing-2.2.1.tar.gz", hash = "sha256:3632cc370565f6648cc328b32435bd120a1e4ebb20c77e3fdde9a13cd1e533c4" }
wheels = [
    { url = "https://us-central1-python.pkg.dev/eng-ops-b1bb36c9/python-all/executing/executing-2.2.1-py2.py3-none-any.whl", hash = "sha256:760643d3452b4d777d295bb167ccc74c64a81df23fb5e08eff250c425a4b2017" },
]

[[package]]
name = "grimp"
version = "3.14"
source = { registry = "https://us-central1-python.pkg.dev/eng-ops-b1bb36c9/python-all/simple" }
dependencies = [
    { name = "typing-extensions" },
]
sdist = { url = "https://us-central1-python.pkg.dev/eng-ops-b1bb36c9/python-all/grimp/grimp-3.14.tar.gz", hash = "sha256:645fbd835983901042dae4e1b24fde3a89bf7ac152f9272dd17a97e55cb4f871" }
wheels = [
    { url = "https://us-central1-python.pkg.dev/eng-ops-b1bb36c9/python-all/grimp/grimp-3.14-cp314-cp314-macosx_10_12_x86_64.whl", hash = "sha256:3ccf03e65864d6bc7bf1c003c319f5330a7627b3677f31143f11691a088464c2" },
    { url = "https://us-central1-python.pkg.dev/eng-ops-b1bb36c9/python-all/grimp/grimp-3.14-cp314-cp314-macosx_11_0_arm64.whl", hash = "sha256:9ecd58fa58a270e7523f8bec9e6452f4fdb9c21e4cd370640829f1e43fa87a69" },
    { url = "https://us-central1-python.pkg.dev/eng-ops-b1bb36c9/python-all/grimp/grimp-3.14-cp314-cp314-manylinux_2_17_aarch64.manylinux2014_aarch64.whl", hash = "sha256:0d75d1f8f7944978b39b08d870315174f1ffcd5123be6ccff8ce90467ace648a" },
    { url = "https://us-central1-python.pkg.dev/eng-ops-b1bb36c9/python-all/grimp/grimp-3.14-cp314-cp314-manylinux_2_17_armv7l.manylinux2014_armv7l.whl", hash = "sha256:6f70bbb1dd6055d08d29e39a78a11c4118c1778b39d17cd8271e18e213524ca7" },
    { url = "https://us-central1-python.pkg.dev/eng-ops-b1bb36c9/python-all/grimp/grimp-3.14-cp314-cp314-manylinux_2_17_i686.manylinux2014_i686.whl", hash = "sha256:0f21b7c003626c902669dc26ede83a91220cf0a81b51b27128370998c2f247b4" },
    { url = "https://us-central1-python.pkg.dev/eng-ops-b1bb36c9/python-all/grimp/grimp-3.14-cp314-cp314-manylinux_2_17_ppc64le.manylinux2014_ppc64le.whl", hash = "sha256:80d9f056415c936b45561310296374c4319b5df0003da802c84d2830a103792a" },
    { url = "https://us-central1-python.pkg.dev/eng-ops-b1bb36c9/python-all/grimp/grimp-3.14-cp314-cp314-manylinux_2_17_s390x.manylinux2014_s390x.whl", hash = "sha256:0332963cd63a45863775d4237e59dedf95455e0a1ea50c356be23100c5fc1d7c" },
    { url = "https://us-central1-python.pkg.dev/eng-ops-b1bb36c9/python-all/grimp/grimp-3.14-cp314-cp314-manylinux_2_17_x86_64.manylinux2014_x86_64.whl", hash = "sha256:7f4144350d074f2058fe7c89230a26b34296b161f085b0471a692cb2fe27036f" },
    { url = "https://us-central1-python.pkg.dev/eng-ops-b1bb36c9/python-all/grimp/grimp-3.14-cp314-cp314-musllinux_1_2_aarch64.whl", hash = "sha256:e148e67975e92f90a8435b1b4c02180b9a3f3d725b7a188ba63793f1b1e445a0" },
    { url = "https://us-central1-python.pkg.dev/eng-ops-b1bb36c9/python-all/grimp/grimp-3.14-cp314-cp314-musllinux_1_2_armv7l.whl", hash = "sha256:1093f7770cb5f3ca6f99fb152f9c949381cc0b078dfdfe598c8ab99abaccda3b" },
    { url = "https://us-central1-python.pkg.dev/eng-ops-b1bb36c9/python-all/grimp/grimp-3.14-cp314-cp314-musllinux_1_2_i686.whl", hash = "sha256:a213f45ec69e9c2b28ffd3ba5ab12cc9859da17083ba4dc39317f2083b618111" },
    { url = "https://us-central1-python.pkg.dev/eng-ops-b1bb36c9/python-all/grimp/grimp-3.14-cp314-cp314-musllinux_1_2_x86_64.whl", hash = "sha256:5f003ac3f226d2437a49af0b6036f26edba57f8a32d329275dbde1b2b2a00a56" },
    { url = "https://us-central1-python.pkg.dev/eng-ops-b1bb36c9/python-all/grimp/grimp-3.14-cp314-cp314-win32.whl", hash = "sha256:eec81be65a18f4b2af014b1e97296cc9ee20d1115529bf70dd7e06f457eac30b" },
    { url = "https://us-central1-python.pkg.dev/eng-ops-b1bb36c9/python-all/grimp/grimp-3.14-cp314-cp314-win_amd64.whl", hash = "sha256:cd3bab6164f1d5e313678f0ab4bf45955afe7f5bdb0f2f481014aa9cca7e81ba" },
    { url = "https://us-central1-python.pkg.dev/eng-ops-b1bb36c9/python-all/grimp/grimp-3.14-cp314-cp314t-manylinux_2_17_aarch64.manylinux2014_aarch64.whl", hash = "sha256:5b1df33de479be4d620f69633d1876858a8e64a79c07907d47cf3aaf896af057" },
    { url = "https://us-central1-python.pkg.dev/eng-ops-b1bb36c9/python-all/grimp/grimp-3.14-cp314-cp314t-manylinux_2_17_armv7l.manylinux2014_armv7l.whl", hash = "sha256:07096d4402e9d5a2c59c402ea3d601f4b7f99025f5e32f077468846fc8d3821b" },
    { url = "https://us-central1-python.pkg.dev/eng-ops-b1bb36c9/python-all/grimp/grimp-3.14-cp314-cp314t-manylinux_2_17_ppc64le.manylinux2014_ppc64le.whl", hash = "sha256:712bc28f46b354316af50c469c77953ba3d6cb4166a62b8fb086436a8b05d301" },
    { url = "https://us-central1-python.pkg.dev/eng-ops-b1bb36c9/python-all/grimp/grimp-3.14-cp314-cp314t-manylinux_2_17_s390x.manylinux2014_s390x.whl", hash = "sha256:abe2bbef1cf8e27df636c02f60184319f138dee4f3a949405c21a4b491980397" },
    { url = "https://us-central1-python.pkg.dev/eng-ops-b1bb36c9/python-all/grimp/grimp-3.14-cp314-cp314t-musllinux_1_2_aarch64.whl", hash = "sha256:2f9ae3fabb7a7a8468ddc96acc84ecabd84f168e7ca508ee94d8f32ea9bd5de2" },
    { url = "https://us-central1-python.pkg.dev/eng-ops-b1bb36c9/python-all/grimp/grimp-3.14-cp314-cp314t-musllinux_1_2_armv7l.whl", hash = "sha256:efaf11ea73f7f12d847c54a5d6edcbe919e0369dce2d1aabae6c50792e16f816" },
    { url = "https://us-central1-python.pkg.dev/eng-ops-b1bb36c9/python-all/grimp/grimp-3.14-cp314-cp314t-musllinux_1_2_i686.whl", hash = "sha256:e089c9ab8aa755ff5af88c55891727783b4eb6b228e7bdf278e17209d954aa1e" },
    { url = "https://us-central1-python.pkg.dev/eng-ops-b1bb36c9/python-all/grimp/grimp-3.14-cp314-cp314t-musllinux_1_2_x86_64.whl", hash = "sha256:a424ad14d5deb56721ac24ab939747f72ab3d378d42e7d1f038317d33b052b77" },
]

[[package]]
name = "import-linter"
version = "2.11"
source = { registry = "https://us-central1-python.pkg.dev/eng-ops-b1bb36c9/python-all/simple" }
dependencies = [
    { name = "click" },
    { name = "grimp" },
    { name = "rich" },
    { name = "typing-extensions" },
]
sdist = { url = "https://us-central1-python.pkg.dev/eng-ops-b1bb36c9/python-all/import-linter/import_linter-2.11.tar.gz", hash = "sha256:5abc3394797a54f9bae315e7242dc98715ba485f840ac38c6d3192c370d0085e" }
wheels = [
    { url = "https://us-central1-python.pkg.dev/eng-ops-b1bb36c9/python-all/import-linter/import_linter-2.11-py3-none-any.whl", hash = "sha256:3dc54cae933bae3430358c30989762b721c77aa99d424f56a08265be0eeaa465" },
]

[[package]]
name = "iniconfig"
version = "2.3.0"
source = { registry = "https://us-central1-python.pkg.dev/eng-ops-b1bb36c9/python-all/simple" }
sdist = { url = "https://us-central1-python.pkg.dev/eng-ops-b1bb36c9/python-all/iniconfig/iniconfig-2.3.0.tar.gz", hash = "sha256:c76315c77db068650d49c5b56314774a7804df16fee4402c1f19d6d15d8c4730" }
wheels = [
    { url = "https://us-central1-python.pkg.dev/eng-ops-b1bb36c9/python-all/iniconfig/iniconfig-2.3.0-py3-none-any.whl", hash = "sha256:f631c04d2c48c52b84d0d0549c99ff3859c98df65b3101406327ecc7d53fbf12" },
]

[[package]]
name = "inline-snapshot"
version = "0.32.5"
source = { registry = "https://us-central1-python.pkg.dev/eng-ops-b1bb36c9/python-all/simple" }
dependencies = [
    { name = "asttokens" },
    { name = "executing" },
    { name = "pytest" },
    { name = "rich" },
    { name = "typing-extensions" },
]
sdist = { url = "https://us-central1-python.pkg.dev/eng-ops-b1bb36c9/python-all/inline-snapshot/inline_snapshot-0.32.5.tar.gz", hash = "sha256:5025074eab5c82a88504975e2655beeb5e96fd57ed2d9ebb38538473748f2065" }
wheels = [
    { url = "https://us-central1-python.pkg.dev/eng-ops-b1bb36c9/python-all/inline-snapshot/inline_snapshot-0.32.5-py3-none-any.whl", hash = "sha256:ac617c273e811ed5ca15abd8f8dbd3fa268296bb0642ccb1403a5df61ce2e39e" },
]

[package.optional-dependencies]
dirty-equals = [
    { name = "dirty-equals" },
]

[[package]]
name = "markdown-it-py"
version = "4.0.0"
source = { registry = "https://us-central1-python.pkg.dev/eng-ops-b1bb36c9/python-all/simple" }
dependencies = [
    { name = "mdurl" },
]
sdist = { url = "https://us-central1-python.pkg.dev/eng-ops-b1bb36c9/python-all/markdown-it-py/markdown_it_py-4.0.0.tar.gz", hash = "sha256:cb0a2b4aa34f932c007117b194e945bd74e0ec24133ceb5bac59009cda1cb9f3" }
wheels = [
    { url = "https://us-central1-python.pkg.dev/eng-ops-b1bb36c9/python-all/markdown-it-py/markdown_it_py-4.0.0-py3-none-any.whl", hash = "sha256:87327c59b172c5011896038353a81343b6754500a08cd7a4973bb48c6d578147" },
]

[[package]]
name = "mdurl"
version = "0.1.2"
source = { registry = "https://us-central1-python.pkg.dev/eng-ops-b1bb36c9/python-all/simple" }
sdist = { url = "https://us-central1-python.pkg.dev/eng-ops-b1bb36c9/python-all/mdurl/mdurl-0.1.2.tar.gz", hash = "sha256:bb413d29f5eea38f31dd4754dd7377d4465116fb207585f97bf925588687c1ba" }
wheels = [
    { url = "https://us-central1-python.pkg.dev/eng-ops-b1bb36c9/python-all/mdurl/mdurl-0.1.2-py3-none-any.whl", hash = "sha256:84008a41e51615a49fc9966191ff91509e3c40b939176e643fd50a5c2196b8f8" },
]

[[package]]
name = "packaging"
version = "26.0"
source = { registry = "https://us-central1-python.pkg.dev/eng-ops-b1bb36c9/python-all/simple" }
sdist = { url = "https://us-central1-python.pkg.dev/eng-ops-b1bb36c9/python-all/packaging/packaging-26.0.tar.gz", hash = "sha256:00243ae351a257117b6a241061796684b084ed1c516a08c48a3f7e147a9d80b4" }
wheels = [
    { url = "https://us-central1-python.pkg.dev/eng-ops-b1bb36c9/python-all/packaging/packaging-26.0-py3-none-any.whl", hash = "sha256:b36f1fef9334a5588b4166f8bcd26a14e521f2b55e6b9de3aaa80d3ff7a37529" },
]

[[package]]
name = "pluggy"
version = "1.6.0"
source = { registry = "https://us-central1-python.pkg.dev/eng-ops-b1bb36c9/python-all/simple" }
sdist = { url = "https://us-central1-python.pkg.dev/eng-ops-b1bb36c9/python-all/pluggy/pluggy-1.6.0.tar.gz", hash = "sha256:7dcc130b76258d33b90f61b658791dede3486c3e6bfb003ee5c9bfb396dd22f3" }
wheels = [
    { url = "https://us-central1-python.pkg.dev/eng-ops-b1bb36c9/python-all/pluggy/pluggy-1.6.0-py3-none-any.whl", hash = "sha256:e920276dd6813095e9377c0bc5566d94c932c33b27a3e3945d8389c374dd4746" },
]

[[package]]
name = "prek"
version = "0.3.8"
source = { registry = "https://us-central1-python.pkg.dev/eng-ops-b1bb36c9/python-all/simple" }
sdist = { url = "https://us-central1-python.pkg.dev/eng-ops-b1bb36c9/python-all/prek/prek-0.3.8.tar.gz", hash = "sha256:434a214256516f187a3ab15f869d950243be66b94ad47987ee4281b69643a2d9" }
wheels = [
    { url = "https://us-central1-python.pkg.dev/eng-ops-b1bb36c9/python-all/prek/prek-0.3.8-py3-none-linux_armv6l.whl", hash = "sha256:6fb646ada60658fa6dd7771b2e0fb097f005151be222f869dada3eb26d79ed33" },
    { url = "https://us-central1-python.pkg.dev/eng-ops-b1bb36c9/python-all/prek/prek-0.3.8-py3-none-macosx_10_12_x86_64.whl", hash = "sha256:f3d7fdadb15efc19c09953c7a33cf2061a70f367d1e1957358d3ad5cc49d0616" },
    { url = "https://us-central1-python.pkg.dev/eng-ops-b1bb36c9/python-all/prek/prek-0.3.8-py3-none-macosx_11_0_arm64.whl", hash = "sha256:72728c3295e79ca443f8c1ec037d2a5b914ec73a358f69cf1bc1964511876bf8" },
    { url = "https://us-central1-python.pkg.dev/eng-ops-b1bb36c9/python-all/prek/prek-0.3.8-py3-none-manylinux_2_17_aarch64.manylinux2014_aarch64.musllinux_1_1_aarch64.whl", hash = "sha256:48efc28f2f53b5b8087efca9daaed91572d62df97d5f24a1c7a087fecb5017de" },
    { url = "https://us-central1-python.pkg.dev/eng-ops-b1bb36c9/python-all/prek/prek-0.3.8-py3-none-manylinux_2_17_armv7l.manylinux2014_armv7l.whl", hash = "sha256:f6ca9d63bacbc448a5c18e955c78d3ac5176c3a17c3baacdd949b1a623e08a36" },
    { url = "https://us-central1-python.pkg.dev/eng-ops-b1bb36c9/python-all/prek/prek-0.3.8-py3-none-manylinux_2_17_i686.manylinux2014_i686.whl", hash = "sha256:1000f7029696b4fe712fb1fefd4c55b9c4de72b65509c8e50296370a06f9dc3f" },
    { url = "https://us-central1-python.pkg.dev/eng-ops-b1bb36c9/python-all/prek/prek-0.3.8-py3-none-manylinux_2_17_s390x.manylinux2014_s390x.whl", hash = "sha256:6ff0bed0e2c1286522987d982168a86cbbd0d069d840506a46c9fda983515517" },
    { url = "https://us-central1-python.pkg.dev/eng-ops-b1bb36c9/python-all/prek/prek-0.3.8-py3-none-manylinux_2_17_x86_64.manylinux2014_x86_64.whl", hash = "sha256:4fb087ac0ffda3ac65bbbae9a38326a7fd27ee007bb4a94323ce1eb539d8bbec" },
    { url = "https://us-central1-python.pkg.dev/eng-ops-b1bb36c9/python-all/prek/prek-0.3.8-py3-none-manylinux_2_28_aarch64.whl", hash = "sha256:2e1e5e206ff7b31bd079cce525daddc96cd6bc544d20dc128921ad92f7a4c85d" },
    { url = "https://us-central1-python.pkg.dev/eng-ops-b1bb36c9/python-all/prek/prek-0.3.8-py3-none-manylinux_2_31_riscv64.whl", hash = "sha256:dcea3fe23832a4481bccb7c45f55650cb233be7c805602e788bb7dba60f2d861" },
    { url = "https://us-central1-python.pkg.dev/eng-ops-b1bb36c9/python-all/prek/prek-0.3.8-py3-none-musllinux_1_1_armv7l.whl", hash = "sha256:4d25e647e9682f6818ab5c31e7a4b842993c14782a6ffcd128d22b784e0d677f" },
    { url = "https://us-central1-python.pkg.dev/eng-ops-b1bb36c9/python-all/prek/prek-0.3.8-py3-none-musllinux_1_1_i686.whl", hash = "sha256:de528b82935e33074815acff3c7c86026754d1212136295bc88fe9c43b4231d5" },
    { url = "https://us-central1-python.pkg.dev/eng-ops-b1bb36c9/python-all/prek/prek-0.3.8-py3-none-musllinux_1_1_x86_64.whl", hash = "sha256:6d660f1c25a126e6d9f682fe61449441226514f412a4469f5d71f8f8cad56db2" },
    { url = "https://us-central1-python.pkg.dev/eng-ops-b1bb36c9/python-all/prek/prek-0.3.8-py3-none-win32.whl", hash = "sha256:b0c291c577615d9f8450421dff0b32bfd77a6b0d223ee4115a1f820cb636fdf1" },
    { url = "https://us-central1-python.pkg.dev/eng-ops-b1bb36c9/python-all/prek/prek-0.3.8-py3-none-win_amd64.whl", hash = "sha256:bc147fdbdd4ec33fc7a987b893ecb69b1413ac100d95c9889a70f3fd58c73d06" },
    { url = "https://us-central1-python.pkg.dev/eng-ops-b1bb36c9/python-all/prek/prek-0.3.8-py3-none-win_arm64.whl", hash = "sha256:a2614647aeafa817a5802ccb9561e92eedc20dcf840639a1b00826e2c2442515" },
]

[[package]]
name = "pygments"
version = "2.19.2"
source = { registry = "https://us-central1-python.pkg.dev/eng-ops-b1bb36c9/python-all/simple" }
sdist = { url = "https://us-central1-python.pkg.dev/eng-ops-b1bb36c9/python-all/pygments/pygments-2.19.2.tar.gz", hash = "sha256:636cb2477cec7f8952536970bc533bc43743542f70392ae026374600add5b887" }
wheels = [
    { url = "https://us-central1-python.pkg.dev/eng-ops-b1bb36c9/python-all/pygments/pygments-2.19.2-py3-none-any.whl", hash = "sha256:86540386c03d588bb81d44bc3928634ff26449851e99741617ecb9037ee5ec0b" },
]

[[package]]
name = "pytest"
version = "9.0.2"
source = { registry = "https://us-central1-python.pkg.dev/eng-ops-b1bb36c9/python-all/simple" }
dependencies = [
    { name = "colorama", marker = "sys_platform == 'win32'" },
    { name = "iniconfig" },
    { name = "packaging" },
    { name = "pluggy" },
    { name = "pygments" },
]
sdist = { url = "https://us-central1-python.pkg.dev/eng-ops-b1bb36c9/python-all/pytest/pytest-9.0.2.tar.gz", hash = "sha256:75186651a92bd89611d1d9fc20f0b4345fd827c41ccd5c299a868a05d70edf11" }
wheels = [
    { url = "https://us-central1-python.pkg.dev/eng-ops-b1bb36c9/python-all/pytest/pytest-9.0.2-py3-none-any.whl", hash = "sha256:711ffd45bf766d5264d487b917733b453d917afd2b0ad65223959f59089f875b" },
]

[[package]]
name = "pyyaml"
version = "6.0.3"
source = { registry = "https://us-central1-python.pkg.dev/eng-ops-b1bb36c9/python-all/simple" }
sdist = { url = "https://us-central1-python.pkg.dev/eng-ops-b1bb36c9/python-all/pyyaml/pyyaml-6.0.3.tar.gz", hash = "sha256:d76623373421df22fb4cf8817020cbb7ef15c725b9d5e45f17e189bfc384190f" }
wheels = [
    { url = "https://us-central1-python.pkg.dev/eng-ops-b1bb36c9/python-all/pyyaml/pyyaml-6.0.3-cp314-cp314-macosx_10_13_x86_64.whl", hash = "sha256:8d1fab6bb153a416f9aeb4b8763bc0f22a5586065f86f7664fc23339fc1c1fac" },
    { url = "https://us-central1-python.pkg.dev/eng-ops-b1bb36c9/python-all/pyyaml/pyyaml-6.0.3-cp314-cp314-macosx_11_0_arm64.whl", hash = "sha256:34d5fcd24b8445fadc33f9cf348c1047101756fd760b4dacb5c3e99755703310" },
    { url = "https://us-central1-python.pkg.dev/eng-ops-b1bb36c9/python-all/pyyaml/pyyaml-6.0.3-cp314-cp314-manylinux2014_aarch64.manylinux_2_17_aarch64.manylinux_2_28_aarch64.whl", hash = "sha256:501a031947e3a9025ed4405a168e6ef5ae3126c59f90ce0cd6f2bfc477be31b7" },
    { url = "https://us-central1-python.pkg.dev/eng-ops-b1bb36c9/python-all/pyyaml/pyyaml-6.0.3-cp314-cp314-manylinux2014_s390x.manylinux_2_17_s390x.manylinux_2_28_s390x.whl", hash = "sha256:b3bc83488de33889877a0f2543ade9f70c67d66d9ebb4ac959502e12de895788" },
    { url = "https://us-central1-python.pkg.dev/eng-ops-b1bb36c9/python-all/pyyaml/pyyaml-6.0.3-cp314-cp314-manylinux2014_x86_64.manylinux_2_17_x86_64.manylinux_2_28_x86_64.whl", hash = "sha256:c458b6d084f9b935061bc36216e8a69a7e293a2f1e68bf956dcd9e6cbcd143f5" },
    { url = "https://us-central1-python.pkg.dev/eng-ops-b1bb36c9/python-all/pyyaml/pyyaml-6.0.3-cp314-cp314-musllinux_1_2_aarch64.whl", hash = "sha256:7c6610def4f163542a622a73fb39f534f8c101d690126992300bf3207eab9764" },
    { url = "https://us-central1-python.pkg.dev/eng-ops-b1bb36c9/python-all/pyyaml/pyyaml-6.0.3-cp314-cp314-musllinux_1_2_x86_64.whl", hash = "sha256:5190d403f121660ce8d1d2c1bb2ef1bd05b5f68533fc5c2ea899bd15f4399b35" },
    { url = "https://us-central1-python.pkg.dev/eng-ops-b1bb36c9/python-all/pyyaml/pyyaml-6.0.3-cp314-cp314-win_amd64.whl", hash = "sha256:4a2e8cebe2ff6ab7d1050ecd59c25d4c8bd7e6f400f5f82b96557ac0abafd0ac" },
    { url = "https://us-central1-python.pkg.dev/eng-ops-b1bb36c9/python-all/pyyaml/pyyaml-6.0.3-cp314-cp314-win_arm64.whl", hash = "sha256:93dda82c9c22deb0a405ea4dc5f2d0cda384168e466364dec6255b293923b2f3" },
    { url = "https://us-central1-python.pkg.dev/eng-ops-b1bb36c9/python-all/pyyaml/pyyaml-6.0.3-cp314-cp314t-macosx_10_13_x86_64.whl", hash = "sha256:02893d100e99e03eda1c8fd5c441d8c60103fd175728e23e431db1b589cf5ab3" },
    { url = "https://us-central1-python.pkg.dev/eng-ops-b1bb36c9/python-all/pyyaml/pyyaml-6.0.3-cp314-cp314t-macosx_11_0_arm64.whl", hash = "sha256:c1ff362665ae507275af2853520967820d9124984e0f7466736aea23d8611fba" },
    { url = "https://us-central1-python.pkg.dev/eng-ops-b1bb36c9/python-all/pyyaml/pyyaml-6.0.3-cp314-cp314t-manylinux2014_aarch64.manylinux_2_17_aarch64.manylinux_2_28_aarch64.whl", hash = "sha256:6adc77889b628398debc7b65c073bcb99c4a0237b248cacaf3fe8a557563ef6c" },
    { url = "https://us-central1-python.pkg.dev/eng-ops-b1bb36c9/python-all/pyyaml/pyyaml-6.0.3-cp314-cp314t-manylinux2014_s390x.manylinux_2_17_s390x.manylinux_2_28_s390x.whl", hash = "sha256:a80cb027f6b349846a3bf6d73b5e95e782175e52f22108cfa17876aaeff93702" },
    { url = "https://us-central1-python.pkg.dev/eng-ops-b1bb36c9/python-all/pyyaml/pyyaml-6.0.3-cp314-cp314t-manylinux2014_x86_64.manylinux_2_17_x86_64.manylinux_2_28_x86_64.whl", hash = "sha256:00c4bdeba853cc34e7dd471f16b4114f4162dc03e6b7afcc2128711f0eca823c" },
    { url = "https://us-central1-python.pkg.dev/eng-ops-b1bb36c9/python-all/pyyaml/pyyaml-6.0.3-cp314-cp314t-musllinux_1_2_aarch64.whl", hash = "sha256:66e1674c3ef6f541c35191caae2d429b967b99e02040f5ba928632d9a7f0f065" },
    { url = "https://us-central1-python.pkg.dev/eng-ops-b1bb36c9/python-all/pyyaml/pyyaml-6.0.3-cp314-cp314t-musllinux_1_2_x86_64.whl", hash = "sha256:16249ee61e95f858e83976573de0f5b2893b3677ba71c9dd36b9cf8be9ac6d65" },
    { url = "https://us-central1-python.pkg.dev/eng-ops-b1bb36c9/python-all/pyyaml/pyyaml-6.0.3-cp314-cp314t-win_amd64.whl", hash = "sha256:4ad1906908f2f5ae4e5a8ddfce73c320c2a1429ec52eafd27138b7f1cbe341c9" },
    { url = "https://us-central1-python.pkg.dev/eng-ops-b1bb36c9/python-all/pyyaml/pyyaml-6.0.3-cp314-cp314t-win_arm64.whl", hash = "sha256:ebc55a14a21cb14062aa4162f906cd962b28e2e9ea38f9b4391244cd8de4ae0b" },
]

[[package]]
name = "rich"
version = "14.3.3"
source = { registry = "https://us-central1-python.pkg.dev/eng-ops-b1bb36c9/python-all/simple" }
dependencies = [
    { name = "markdown-it-py" },
    { name = "pygments" },
]
sdist = { url = "https://us-central1-python.pkg.dev/eng-ops-b1bb36c9/python-all/rich/rich-14.3.3.tar.gz", hash = "sha256:b8daa0b9e4eef54dd8cf7c86c03713f53241884e814f4e2f5fb342fe520f639b" }
wheels = [
    { url = "https://us-central1-python.pkg.dev/eng-ops-b1bb36c9/python-all/rich/rich-14.3.3-py3-none-any.whl", hash = "sha256:793431c1f8619afa7d3b52b2cdec859562b950ea0d4b6b505397612db8d5362d" },
]

[[package]]
name = "ruff"
version = "0.15.7"
source = { registry = "https://us-central1-python.pkg.dev/eng-ops-b1bb36c9/python-all/simple" }
sdist = { url = "https://us-central1-python.pkg.dev/eng-ops-b1bb36c9/python-all/ruff/ruff-0.15.7.tar.gz", hash = "sha256:04f1ae61fc20fe0b148617c324d9d009b5f63412c0b16474f3d5f1a1a665f7ac" }
wheels = [
    { url = "https://us-central1-python.pkg.dev/eng-ops-b1bb36c9/python-all/ruff/ruff-0.15.7-py3-none-linux_armv6l.whl", hash = "sha256:a81cc5b6910fb7dfc7c32d20652e50fa05963f6e13ead3c5915c41ac5d16668e" },
    { url = "https://us-central1-python.pkg.dev/eng-ops-b1bb36c9/python-all/ruff/ruff-0.15.7-py3-none-macosx_10_12_x86_64.whl", hash = "sha256:722d165bd52403f3bdabc0ce9e41fc47070ac56d7a91b4e0d097b516a53a3477" },
    { url = "https://us-central1-python.pkg.dev/eng-ops-b1bb36c9/python-all/ruff/ruff-0.15.7-py3-none-macosx_11_0_arm64.whl", hash = "sha256:7fbc2448094262552146cbe1b9643a92f66559d3761f1ad0656d4991491af49e" },
    { url = "https://us-central1-python.pkg.dev/eng-ops-b1bb36c9/python-all/ruff/ruff-0.15.7-py3-none-manylinux_2_17_aarch64.manylinux2014_aarch64.whl", hash = "sha256:6b39329b60eba44156d138275323cc726bbfbddcec3063da57caa8a8b1d50adf" },
    { url = "https://us-central1-python.pkg.dev/eng-ops-b1bb36c9/python-all/ruff/ruff-0.15.7-py3-none-manylinux_2_17_armv7l.manylinux2014_armv7l.whl", hash = "sha256:87768c151808505f2bfc93ae44e5f9e7c8518943e5074f76ac21558ef5627c85" },
    { url = "https://us-central1-python.pkg.dev/eng-ops-b1bb36c9/python-all/ruff/ruff-0.15.7-py3-none-manylinux_2_17_i686.manylinux2014_i686.whl", hash = "sha256:fb0511670002c6c529ec66c0e30641c976c8963de26a113f3a30456b702468b0" },
    { url = "https://us-central1-python.pkg.dev/eng-ops-b1bb36c9/python-all/ruff/ruff-0.15.7-py3-none-manylinux_2_17_ppc64le.manylinux2014_ppc64le.whl", hash = "sha256:e0d19644f801849229db8345180a71bee5407b429dd217f853ec515e968a6912" },
    { url = "https://us-central1-python.pkg.dev/eng-ops-b1bb36c9/python-all/ruff/ruff-0.15.7-py3-none-manylinux_2_17_s390x.manylinux2014_s390x.whl", hash = "sha256:4806d8e09ef5e84eb19ba833d0442f7e300b23fe3f0981cae159a248a10f0036" },
    { url = "https://us-central1-python.pkg.dev/eng-ops-b1bb36c9/python-all/ruff/ruff-0.15.7-py3-none-manylinux_2_17_x86_64.manylinux2014_x86_64.whl", hash = "sha256:dce0896488562f09a27b9c91b1f58a097457143931f3c4d519690dea54e624c5" },
    { url = "https://us-central1-python.pkg.dev/eng-ops-b1bb36c9/python-all/ruff/ruff-0.15.7-py3-none-manylinux_2_31_riscv64.whl", hash = "sha256:1852ce241d2bc89e5dc823e03cff4ce73d816b5c6cdadd27dbfe7b03217d2a12" },
    { url = "https://us-central1-python.pkg.dev/eng-ops-b1bb36c9/python-all/ruff/ruff-0.15.7-py3-none-musllinux_1_2_aarch64.whl", hash = "sha256:5f3e4b221fb4bd293f79912fc5e93a9063ebd6d0dcbd528f91b89172a9b8436c" },
    { url = "https://us-central1-python.pkg.dev/eng-ops-b1bb36c9/python-all/ruff/ruff-0.15.7-py3-none-musllinux_1_2_armv7l.whl", hash = "sha256:b15e48602c9c1d9bdc504b472e90b90c97dc7d46c7028011ae67f3861ceba7b4" },
    { url = "https://us-central1-python.pkg.dev/eng-ops-b1bb36c9/python-all/ruff/ruff-0.15.7-py3-none-musllinux_1_2_i686.whl", hash = "sha256:1b4705e0e85cedc74b0a23cf6a179dbb3df184cb227761979cc76c0440b5ab0d" },
    { url = "https://us-central1-python.pkg.dev/eng-ops-b1bb36c9/python-all/ruff/ruff-0.15.7-py3-none-musllinux_1_2_x86_64.whl", hash = "sha256:112c1fa316a558bb34319282c1200a8bf0495f1b735aeb78bfcb2991e6087580" },
    { url = "https://us-central1-python.pkg.dev/eng-ops-b1bb36c9/python-all/ruff/ruff-0.15.7-py3-none-win32.whl", hash = "sha256:6d39e2d3505b082323352f733599f28169d12e891f7dd407f2d4f54b4c2886de" },
    { url = "https://us-central1-python.pkg.dev/eng-ops-b1bb36c9/python-all/ruff/ruff-0.15.7-py3-none-win_amd64.whl", hash = "sha256:4d53d712ddebcd7dace1bc395367aec12c057aacfe9adbb6d832302575f4d3a1" },
    { url = "https://us-central1-python.pkg.dev/eng-ops-b1bb36c9/python-all/ruff/ruff-0.15.7-py3-none-win_arm64.whl", hash = "sha256:18e8d73f1c3fdf27931497972250340f92e8c861722161a9caeb89a58ead6ed2" },
]

[[package]]
name = "ty"
version = "0.0.25"
source = { registry = "https://us-central1-python.pkg.dev/eng-ops-b1bb36c9/python-all/simple" }
sdist = { url = "https://us-central1-python.pkg.dev/eng-ops-b1bb36c9/python-all/ty/ty-0.0.25.tar.gz", hash = "sha256:8ae3891be17dfb6acab51a2df3a8f8f6c551eb60ea674c10946dc92aae8d4401" }
wheels = [
    { url = "https://us-central1-python.pkg.dev/eng-ops-b1bb36c9/python-all/ty/ty-0.0.25-py3-none-linux_armv6l.whl", hash = "sha256:26d6d5aede5d54fb055779460f896d9c1473c6fb996716bd11cb90f027d8fee7" },
    { url = "https://us-central1-python.pkg.dev/eng-ops-b1bb36c9/python-all/ty/ty-0.0.25-py3-none-macosx_10_12_x86_64.whl", hash = "sha256:aedcfbc7b6b96dbc55b0da78fa02bd049373ff3d8a827f613dadd8bd17d10758" },
    { url = "https://us-central1-python.pkg.dev/eng-ops-b1bb36c9/python-all/ty/ty-0.0.25-py3-none-macosx_11_0_arm64.whl", hash = "sha256:0a8fb3c1e28f73618941811e2568dca195178a1a6314651d4ee97086a4497253" },
    { url = "https://us-central1-python.pkg.dev/eng-ops-b1bb36c9/python-all/ty/ty-0.0.25-py3-none-manylinux_2_17_aarch64.manylinux2014_aarch64.whl", hash = "sha256:814870b7f347b5d0276304cddb98a0958f08de183bf159abc920ebe321247ad4" },
    { url = "https://us-central1-python.pkg.dev/eng-ops-b1bb36c9/python-all/ty/ty-0.0.25-py3-none-manylinux_2_17_armv7l.manylinux2014_armv7l.whl", hash = "sha256:781150e23825dc110cd5e1f50ca3d61664f7a5db5b4a55d5dbf7d3b1e246b917" },
    { url = "https://us-central1-python.pkg.dev/eng-ops-b1bb36c9/python-all/ty/ty-0.0.25-py3-none-manylinux_2_17_i686.manylinux2014_i686.whl", hash = "sha256:ffc81ff2a0143911321251dc81d1c259fa5cdc56d043019a733c845d55409e2a" },
    { url = "https://us-central1-python.pkg.dev/eng-ops-b1bb36c9/python-all/ty/ty-0.0.25-py3-none-manylinux_2_17_ppc64le.manylinux2014_ppc64le.whl", hash = "sha256:f03c5c5b5c10355ea030cbe3cd93b2e759b9492c66688288ea03a68086069f2e" },
    { url = "https://us-central1-python.pkg.dev/eng-ops-b1bb36c9/python-all/ty/ty-0.0.25-py3-none-manylinux_2_17_s390x.manylinux2014_s390x.whl", hash = "sha256:7fc1ef49cd6262eb9223ccf6e258ac899aaa53e7dc2151ba65a2c9fa248dfa75" },
    { url = "https://us-central1-python.pkg.dev/eng-ops-b1bb36c9/python-all/ty/ty-0.0.25-py3-none-manylinux_2_17_x86_64.manylinux2014_x86_64.whl", hash = "sha256:7ad98da1393161096235a387cc36abecd31861060c68416761eccdb7c1bc326b" },
    { url = "https://us-central1-python.pkg.dev/eng-ops-b1bb36c9/python-all/ty/ty-0.0.25-py3-none-musllinux_1_2_aarch64.whl", hash = "sha256:2d4336aa5381eb4eab107c3dec75fe22943a648ef6646f5a8431ef1c8cdabb66" },
    { url = "https://us-central1-python.pkg.dev/eng-ops-b1bb36c9/python-all/ty/ty-0.0.25-py3-none-musllinux_1_2_armv7l.whl", hash = "sha256:e10ed39564227de2b7bd89398250b65daaedbef15a25cef8eee70078f5d9e0b2" },
    { url = "https://us-central1-python.pkg.dev/eng-ops-b1bb36c9/python-all/ty/ty-0.0.25-py3-none-musllinux_1_2_i686.whl", hash = "sha256:aca04e9ed9b61c706064a1c0b71a247c3f92f373d0222103f3bc54b649421796" },
    { url = "https://us-central1-python.pkg.dev/eng-ops-b1bb36c9/python-all/ty/ty-0.0.25-py3-none-musllinux_1_2_x86_64.whl", hash = "sha256:18a5443e4ef339c1bd8c57fc13112c22080617ea582bfc22b497d82d65361325" },
    { url = "https://us-central1-python.pkg.dev/eng-ops-b1bb36c9/python-all/ty/ty-0.0.25-py3-none-win32.whl", hash = "sha256:a685b9a611b69195b5a557e05dbb7ebcd12815f6c32fb27fdf15edeb1fa33d8f" },
    { url = "https://us-central1-python.pkg.dev/eng-ops-b1bb36c9/python-all/ty/ty-0.0.25-py3-none-win_amd64.whl", hash = "sha256:0d4d37a1f1ab7f2669c941c38c65144ff223eb51ececd7ccfc0d623afbc0f729" },
    { url = "https://us-central1-python.pkg.dev/eng-ops-b1bb36c9/python-all/ty/ty-0.0.25-py3-none-win_arm64.whl", hash = "sha256:d80b8cd965cbacbfd887ac2d985f5b6da09b7aa3569371e2894e0b30b26b89cd" },
]

[[package]]
name = "typing-extensions"
version = "4.15.0"
source = { registry = "https://us-central1-python.pkg.dev/eng-ops-b1bb36c9/python-all/simple" }
sdist = { url = "https://us-central1-python.pkg.dev/eng-ops-b1bb36c9/python-all/typing-extensions/typing_extensions-4.15.0.tar.gz", hash = "sha256:0cea48d173cc12fa28ecabc3b837ea3cf6f38c6d1136f85cbaaf598984861466" }
wheels = [
    { url = "https://us-central1-python.pkg.dev/eng-ops-b1bb36c9/python-all/typing-extensions/typing_extensions-4.15.0-py3-none-any.whl", hash = "sha256:f0fa19c6845758ab08074a0cfa8b7aecb71c999ca73d62883bc25cc018c4e548" },
]
